{
  "object": {
    "pins": [
      {
        "package": "GRDB",
        "repositoryURL": "https://github.com/groue/GRDB.swift.git",
        "state": {
          "branch": "master",
          "revision": "c3cc998fc14efa356259e5d01d8910e82de080ad",
          "version": null
        }
      }
    ]
  },
  "version": 1
}
